// !$*UTF8*$!
{
	archiveVersion = 1;
	classes = {
	};
	objectVersion = 56;
	objects = {

/* Begin PBXBuildFile section */
		59BDD8A92F990D7F08B264D5 /* awsconfiguration.json in Resources */ = {isa = PBXBuildFile; fileRef = 1281CBF1810298A1232A36AC /* awsconfiguration.json */; };
		C7312CAD294BD9A0005F8337 /* AppDelegate.swift in Sources */ = {isa = PBXBuildFile; fileRef = C7312CAC294BD9A0005F8337 /* AppDelegate.swift */; };
		C7312CAF294BD9A0005F8337 /* SceneDelegate.swift in Sources */ = {isa = PBXBuildFile; fileRef = C7312CAE294BD9A0005F8337 /* SceneDelegate.swift */; };
		C7312CB1294BD9A0005F8337 /* ViewController.swift in Sources */ = {isa = PBXBuildFile; fileRef = C7312CB0294BD9A0005F8337 /* ViewController.swift */; };
		C7312CB4294BD9A0005F8337 /* Main.storyboard in Resources */ = {isa = PBXBuildFile; fileRef = C7312CB2294BD9A0005F8337 /* Main.storyboard */; };
		C7312CB7294BD9A0005F8337 /* Movies.xcdatamodeld in Sources */ = {isa = PBXBuildFile; fileRef = C7312CB5294BD9A0005F8337 /* Movies.xcdatamodeld */; };
		C7312CB9294BD9A3005F8337 /* Assets.xcassets in Resources */ = {isa = PBXBuildFile; fileRef = C7312CB8294BD9A3005F8337 /* Assets.xcassets */; };
		C7312CBC294BD9A3005F8337 /* LaunchScreen.storyboard in Resources */ = {isa = PBXBuildFile; fileRef = C7312CBA294BD9A3005F8337 /* LaunchScreen.storyboard */; };
		C7312CC5294BEA37005F8337 /* AWSAPIPlugin in Frameworks */ = {isa = PBXBuildFile; productRef = C7312CC4294BEA37005F8337 /* AWSAPIPlugin */; };
		C7312CC7294BEA37005F8337 /* AWSCognitoAuthPlugin in Frameworks */ = {isa = PBXBuildFile; productRef = C7312CC6294BEA37005F8337 /* AWSCognitoAuthPlugin */; };
		C7312CC9294BEA37005F8337 /* AWSDataStorePlugin in Frameworks */ = {isa = PBXBuildFile; productRef = C7312CC8294BEA37005F8337 /* AWSDataStorePlugin */; };
		C7312CCB294BEA37005F8337 /* AWSLocationGeoPlugin in Frameworks */ = {isa = PBXBuildFile; productRef = C7312CCA294BEA37005F8337 /* AWSLocationGeoPlugin */; };
		C7312CCD294BEA37005F8337 /* AWSPinpointAnalyticsPlugin in Frameworks */ = {isa = PBXBuildFile; productRef = C7312CCC294BEA37005F8337 /* AWSPinpointAnalyticsPlugin */; };
		C7312CCF294BEA37005F8337 /* AWSPluginsCore in Frameworks */ = {isa = PBXBuildFile; productRef = C7312CCE294BEA37005F8337 /* AWSPluginsCore */; };
		C7312CD1294BEA37005F8337 /* AWSS3StoragePlugin in Frameworks */ = {isa = PBXBuildFile; productRef = C7312CD0294BEA37005F8337 /* AWSS3StoragePlugin */; };
		C7312CD3294BEA37005F8337 /* Amplify in Frameworks */ = {isa = PBXBuildFile; productRef = C7312CD2294BEA37005F8337 /* Amplify */; };
		E8CDAA05B887D03BCB1397D6 /* amplifyconfiguration.json in Resources */ = {isa = PBXBuildFile; fileRef = 69F32F23F261CF7254BAAAF4 /* amplifyconfiguration.json */; };
/* End PBXBuildFile section */

/* Begin PBXFileReference section */
		1281CBF1810298A1232A36AC /* awsconfiguration.json */ = {isa = PBXFileReference; explicitFileType = text.json; path = awsconfiguration.json; sourceTree = "<group>"; };
		69F32F23F261CF7254BAAAF4 /* amplifyconfiguration.json */ = {isa = PBXFileReference; explicitFileType = text.json; path = amplifyconfiguration.json; sourceTree = "<group>"; };
		C7312CA9294BD9A0005F8337 /* Movies.app */ = {isa = PBXFileReference; explicitFileType = wrapper.application; includeInIndex = 0; path = Movies.app; sourceTree = BUILT_PRODUCTS_DIR; };
		C7312CAC294BD9A0005F8337 /* AppDelegate.swift */ = {isa = PBXFileReference; lastKnownFileType = sourcecode.swift; path = AppDelegate.swift; sourceTree = "<group>"; };
		C7312CAE294BD9A0005F8337 /* SceneDelegate.swift */ = {isa = PBXFileReference; lastKnownFileType = sourcecode.swift; path = SceneDelegate.swift; sourceTree = "<group>"; };
		C7312CB0294BD9A0005F8337 /* ViewController.swift */ = {isa = PBXFileReference; lastKnownFileType = sourcecode.swift; path = ViewController.swift; sourceTree = "<group>"; };
		C7312CB3294BD9A0005F8337 /* Base */ = {isa = PBXFileReference; lastKnownFileType = file.storyboard; name = Base; path = Base.lproj/Main.storyboard; sourceTree = "<group>"; };
		C7312CB6294BD9A0005F8337 /* Movies.xcdatamodel */ = {isa = PBXFileReference; lastKnownFileType = wrapper.xcdatamodel; path = Movies.xcdatamodel; sourceTree = "<group>"; };
		C7312CB8294BD9A3005F8337 /* Assets.xcassets */ = {isa = PBXFileReference; lastKnownFileType = folder.assetcatalog; path = Assets.xcassets; sourceTree = "<group>"; };
		C7312CBB294BD9A3005F8337 /* Base */ = {isa = PBXFileReference; lastKnownFileType = file.storyboard; name = Base; path = Base.lproj/LaunchScreen.storyboard; sourceTree = "<group>"; };
		C7312CBD294BD9A3005F8337 /* Info.plist */ = {isa = PBXFileReference; lastKnownFileType = text.plist.xml; path = Info.plist; sourceTree = "<group>"; };
/* End PBXFileReference section */

/* Begin PBXFrameworksBuildPhase section */
		C7312CA6294BD9A0005F8337 /* Frameworks */ = {
			isa = PBXFrameworksBuildPhase;
			buildActionMask = 2147483647;
			files = (
				C7312CC9294BEA37005F8337 /* AWSDataStorePlugin in Frameworks */,
				C7312CD3294BEA37005F8337 /* Amplify in Frameworks */,
				C7312CC5294BEA37005F8337 /* AWSAPIPlugin in Frameworks */,
				C7312CCF294BEA37005F8337 /* AWSPluginsCore in Frameworks */,
				C7312CD1294BEA37005F8337 /* AWSS3StoragePlugin in Frameworks */,
				C7312CCD294BEA37005F8337 /* AWSPinpointAnalyticsPlugin in Frameworks */,
				C7312CCB294BEA37005F8337 /* AWSLocationGeoPlugin in Frameworks */,
				C7312CC7294BEA37005F8337 /* AWSCognitoAuthPlugin in Frameworks */,
			);
			runOnlyForDeploymentPostprocessing = 0;
		};
/* End PBXFrameworksBuildPhase section */

/* Begin PBXGroup section */
		77D4EC91C997FBC614C47306 /* AmplifyConfig */ = {
			isa = PBXGroup;
			children = (
				1281CBF1810298A1232A36AC /* awsconfiguration.json */,
				69F32F23F261CF7254BAAAF4 /* amplifyconfiguration.json */,
			);
			name = AmplifyConfig;
			sourceTree = "<group>";
		};
		C7312CA0294BD9A0005F8337 = {
			isa = PBXGroup;
			children = (
				C7312CAB294BD9A0005F8337 /* Movies */,
				C7312CAA294BD9A0005F8337 /* Products */,
				77D4EC91C997FBC614C47306 /* AmplifyConfig */,
			);
			sourceTree = "<group>";
		};
		C7312CAA294BD9A0005F8337 /* Products */ = {
			isa = PBXGroup;
			children = (
				C7312CA9294BD9A0005F8337 /* Movies.app */,
			);
			name = Products;
			sourceTree = "<group>";
		};
		C7312CAB294BD9A0005F8337 /* Movies */ = {
			isa = PBXGroup;
			children = (
				C7312CAC294BD9A0005F8337 /* AppDelegate.swift */,
				C7312CAE294BD9A0005F8337 /* SceneDelegate.swift */,
				C7312CB0294BD9A0005F8337 /* ViewController.swift */,
				C7312CB2294BD9A0005F8337 /* Main.storyboard */,
				C7312CB8294BD9A3005F8337 /* Assets.xcassets */,
				C7312CBA294BD9A3005F8337 /* LaunchScreen.storyboard */,
				C7312CBD294BD9A3005F8337 /* Info.plist */,
				C7312CB5294BD9A0005F8337 /* Movies.xcdatamodeld */,
			);
			path = Movies;
			sourceTree = "<group>";
		};
/* End PBXGroup section */

/* Begin PBXNativeTarget section */
		C7312CA8294BD9A0005F8337 /* Movies */ = {
			isa = PBXNativeTarget;
			buildConfigurationList = C7312CC0294BD9A3005F8337 /* Build configuration list for PBXNativeTarget "Movies" */;
			buildPhases = (
				C7312CA5294BD9A0005F8337 /* Sources */,
				C7312CA6294BD9A0005F8337 /* Frameworks */,
				C7312CA7294BD9A0005F8337 /* Resources */,
			);
			buildRules = (
			);
			dependencies = (
			);
			name = Movies;
			packageProductDependencies = (
				C7312CC4294BEA37005F8337 /* AWSAPIPlugin */,
				C7312CC6294BEA37005F8337 /* AWSCognitoAuthPlugin */,
				C7312CC8294BEA37005F8337 /* AWSDataStorePlugin */,
				C7312CCA294BEA37005F8337 /* AWSLocationGeoPlugin */,
				C7312CCC294BEA37005F8337 /* AWSPinpointAnalyticsPlugin */,
				C7312CCE294BEA37005F8337 /* AWSPluginsCore */,
				C7312CD0294BEA37005F8337 /* AWSS3StoragePlugin */,
				C7312CD2294BEA37005F8337 /* Amplify */,
			);
			productName = Movies;
			productReference = C7312CA9294BD9A0005F8337 /* Movies.app */;
			productType = "com.apple.product-type.application";
		};
/* End PBXNativeTarget section */

/* Begin PBXProject section */
		C7312CA1294BD9A0005F8337 /* Project object */ = {
			isa = PBXProject;
			attributes = {
				BuildIndependentTargetsInParallel = 1;
				LastSwiftUpdateCheck = 1410;
				LastUpgradeCheck = 1410;
				TargetAttributes = {
					C7312CA8294BD9A0005F8337 = {
						CreatedOnToolsVersion = 14.1;
					};
				};
			};
			buildConfigurationList = C7312CA4294BD9A0005F8337 /* Build configuration list for PBXProject "Movies" */;
			compatibilityVersion = "Xcode 14.0";
			developmentRegion = en;
			hasScannedForEncodings = 0;
			knownRegions = (
				en,
				Base,
			);
			mainGroup = C7312CA0294BD9A0005F8337;
			packageReferences = (
				C7312CC3294BEA37005F8337 /* XCRemoteSwiftPackageReference "amplify-swift" */,
			);
			productRefGroup = C7312CAA294BD9A0005F8337 /* Products */;
			projectDirPath = "";
			projectRoot = "";
			targets = (
				C7312CA8294BD9A0005F8337 /* Movies */,
			);
		};
/* End PBXProject section */

/* Begin PBXResourcesBuildPhase section */
		C7312CA7294BD9A0005F8337 /* Resources */ = {
			isa = PBXResourcesBuildPhase;
			buildActionMask = 2147483647;
			files = (
				C7312CBC294BD9A3005F8337 /* LaunchScreen.storyboard in Resources */,
				C7312CB9294BD9A3005F8337 /* Assets.xcassets in Resources */,
				C7312CB4294BD9A0005F8337 /* Main.storyboard in Resources */,
				59BDD8A92F990D7F08B264D5 /* awsconfiguration.json in Resources */,
				E8CDAA05B887D03BCB1397D6 /* amplifyconfiguration.json in Resources */,
			);
			runOnlyForDeploymentPostprocessing = 0;
		};
/* End PBXResourcesBuildPhase section */

/* Begin PBXSourcesBuildPhase section */
		C7312CA5294BD9A0005F8337 /* Sources */ = {
			isa = PBXSourcesBuildPhase;
			buildActionMask = 2147483647;
			files = (
				C7312CB1294BD9A0005F8337 /* ViewController.swift in Sources */,
				C7312CAD294BD9A0005F8337 /* AppDelegate.swift in Sources */,
				C7312CB7294BD9A0005F8337 /* Movies.xcdatamodeld in Sources */,
				C7312CAF294BD9A0005F8337 /* SceneDelegate.swift in Sources */,
			);
			runOnlyForDeploymentPostprocessing = 0;
		};
/* End PBXSourcesBuildPhase section */

/* Begin PBXVariantGroup section */
		C7312CB2294BD9A0005F8337 /* Main.storyboard */ = {
			isa = PBXVariantGroup;
			children = (
				C7312CB3294BD9A0005F8337 /* Base */,
			);
			name = Main.storyboard;
			sourceTree = "<group>";
		};
		C7312CBA294BD9A3005F8337 /* LaunchScreen.storyboard */ = {
			isa = PBXVariantGroup;
			children = (
				C7312CBB294BD9A3005F8337 /* Base */,
			);
			name = LaunchScreen.storyboard;
			sourceTree = "<group>";
		};
/* End PBXVariantGroup section */

/* Begin XCBuildConfiguration section */
		C7312CBE294BD9A3005F8337 /* Debug */ = {
			isa = XCBuildConfiguration;
			buildSettings = {
				ALWAYS_SEARCH_USER_PATHS = NO;
				CLANG_ANALYZER_NONNULL = YES;
				CLANG_ANALYZER_NUMBER_OBJECT_CONVERSION = YES_AGGRESSIVE;
				CLANG_CXX_LANGUAGE_STANDARD = "gnu++20";
				CLANG_ENABLE_MODULES = YES;
				CLANG_ENABLE_OBJC_ARC = YES;
				CLANG_ENABLE_OBJC_WEAK = YES;
				CLANG_WARN_BLOCK_CAPTURE_AUTORELEASING = YES;
				CLANG_WARN_BOOL_CONVERSION = YES;
				CLANG_WARN_COMMA = YES;
				CLANG_WARN_CONSTANT_CONVERSION = YES;
				CLANG_WARN_DEPRECATED_OBJC_IMPLEMENTATIONS = YES;
				CLANG_WARN_DIRECT_OBJC_ISA_USAGE = YES_ERROR;
				CLANG_WARN_DOCUMENTATION_COMMENTS = YES;
				CLANG_WARN_EMPTY_BODY = YES;
				CLANG_WARN_ENUM_CONVERSION = YES;
				CLANG_WARN_INFINITE_RECURSION = YES;
				CLANG_WARN_INT_CONVERSION = YES;
				CLANG_WARN_NON_LITERAL_NULL_CONVERSION = YES;
				CLANG_WARN_OBJC_IMPLICIT_RETAIN_SELF = YES;
				CLANG_WARN_OBJC_LITERAL_CONVERSION = YES;
				CLANG_WARN_OBJC_ROOT_CLASS = YES_ERROR;
				CLANG_WARN_QUOTED_INCLUDE_IN_FRAMEWORK_HEADER = YES;
				CLANG_WARN_RANGE_LOOP_ANALYSIS = YES;
				CLANG_WARN_STRICT_PROTOTYPES = YES;
				CLANG_WARN_SUSPICIOUS_MOVE = YES;
				CLANG_WARN_UNGUARDED_AVAILABILITY = YES_AGGRESSIVE;
				CLANG_WARN_UNREACHABLE_CODE = YES;
				CLANG_WARN__DUPLICATE_METHOD_MATCH = YES;
				COPY_PHASE_STRIP = NO;
				DEBUG_INFORMATION_FORMAT = dwarf;
				ENABLE_STRICT_OBJC_MSGSEND = YES;
				ENABLE_TESTABILITY = YES;
				GCC_C_LANGUAGE_STANDARD = gnu11;
				GCC_DYNAMIC_NO_PIC = NO;
				GCC_NO_COMMON_BLOCKS = YES;
				GCC_OPTIMIZATION_LEVEL = 0;
				GCC_PREPROCESSOR_DEFINITIONS = (
					"DEBUG=1",
					"$(inherited)",
				);
				GCC_WARN_64_TO_32_BIT_CONVERSION = YES;
				GCC_WARN_ABOUT_RETURN_TYPE = YES_ERROR;
				GCC_WARN_UNDECLARED_SELECTOR = YES;
				GCC_WARN_UNINITIALIZED_AUTOS = YES_AGGRESSIVE;
				GCC_WARN_UNUSED_FUNCTION = YES;
				GCC_WARN_UNUSED_VARIABLE = YES;
				IPHONEOS_DEPLOYMENT_TARGET = 16.1;
				MTL_ENABLE_DEBUG_INFO = INCLUDE_SOURCE;
				MTL_FAST_MATH = YES;
				ONLY_ACTIVE_ARCH = YES;
				SDKROOT = iphoneos;
				SWIFT_ACTIVE_COMPILATION_CONDITIONS = DEBUG;
				SWIFT_OPTIMIZATION_LEVEL = "-Onone";
			};
			name = Debug;
		};
		C7312CBF294BD9A3005F8337 /* Release */ = {
			isa = XCBuildConfiguration;
			buildSettings = {
				ALWAYS_SEARCH_USER_PATHS = NO;
				CLANG_ANALYZER_NONNULL = YES;
				CLANG_ANALYZER_NUMBER_OBJECT_CONVERSION = YES_AGGRESSIVE;
				CLANG_CXX_LANGUAGE_STANDARD = "gnu++20";
				CLANG_ENABLE_MODULES = YES;
				CLANG_ENABLE_OBJC_ARC = YES;
				CLANG_ENABLE_OBJC_WEAK = YES;
				CLANG_WARN_BLOCK_CAPTURE_AUTORELEASING = YES;
				CLANG_WARN_BOOL_CONVERSION = YES;
				CLANG_WARN_COMMA = YES;
				CLANG_WARN_CONSTANT_CONVERSION = YES;
				CLANG_WARN_DEPRECATED_OBJC_IMPLEMENTATIONS = YES;
				CLANG_WARN_DIRECT_OBJC_ISA_USAGE = YES_ERROR;
				CLANG_WARN_DOCUMENTATION_COMMENTS = YES;
				CLANG_WARN_EMPTY_BODY = YES;
				CLANG_WARN_ENUM_CONVERSION = YES;
				CLANG_WARN_INFINITE_RECURSION = YES;
				CLANG_WARN_INT_CONVERSION = YES;
				CLANG_WARN_NON_LITERAL_NULL_CONVERSION = YES;
				CLANG_WARN_OBJC_IMPLICIT_RETAIN_SELF = YES;
				CLANG_WARN_OBJC_LITERAL_CONVERSION = YES;
				CLANG_WARN_OBJC_ROOT_CLASS = YES_ERROR;
				CLANG_WARN_QUOTED_INCLUDE_IN_FRAMEWORK_HEADER = YES;
				CLANG_WARN_RANGE_LOOP_ANALYSIS = YES;
				CLANG_WARN_STRICT_PROTOTYPES = YES;
				CLANG_WARN_SUSPICIOUS_MOVE = YES;
				CLANG_WARN_UNGUARDED_AVAILABILITY = YES_AGGRESSIVE;
				CLANG_WARN_UNREACHABLE_CODE = YES;
				CLANG_WARN__DUPLICATE_METHOD_MATCH = YES;
				COPY_PHASE_STRIP = NO;
				DEBUG_INFORMATION_FORMAT = "dwarf-with-dsym";
				ENABLE_NS_ASSERTIONS = NO;
				ENABLE_STRICT_OBJC_MSGSEND = YES;
				GCC_C_LANGUAGE_STANDARD = gnu11;
				GCC_NO_COMMON_BLOCKS = YES;
				GCC_WARN_64_TO_32_BIT_CONVERSION = YES;
				GCC_WARN_ABOUT_RETURN_TYPE = YES_ERROR;
				GCC_WARN_UNDECLARED_SELECTOR = YES;
				GCC_WARN_UNINITIALIZED_AUTOS = YES_AGGRESSIVE;
				GCC_WARN_UNUSED_FUNCTION = YES;
				GCC_WARN_UNUSED_VARIABLE = YES;
				IPHONEOS_DEPLOYMENT_TARGET = 16.1;
				MTL_ENABLE_DEBUG_INFO = NO;
				MTL_FAST_MATH = YES;
				SDKROOT = iphoneos;
				SWIFT_COMPILATION_MODE = wholemodule;
				SWIFT_OPTIMIZATION_LEVEL = "-O";
				VALIDATE_PRODUCT = YES;
			};
			name = Release;
		};
		C7312CC1294BD9A3005F8337 /* Debug */ = {
			isa = XCBuildConfiguration;
			buildSettings = {
				ASSETCATALOG_COMPILER_APPICON_NAME = AppIcon;
				ASSETCATALOG_COMPILER_GLOBAL_ACCENT_COLOR_NAME = AccentColor;
				CODE_SIGN_STYLE = Automatic;
				CURRENT_PROJECT_VERSION = 1;
				DEVELOPMENT_TEAM = 4UTPSYSWWM;
				GENERATE_INFOPLIST_FILE = YES;
				INFOPLIST_FILE = Movies/Info.plist;
				INFOPLIST_KEY_UIApplicationSupportsIndirectInputEvents = YES;
				INFOPLIST_KEY_UILaunchStoryboardName = LaunchScreen;
				INFOPLIST_KEY_UIMainStoryboardFile = Main;
				INFOPLIST_KEY_UISupportedInterfaceOrientations_iPad = "UIInterfaceOrientationPortrait UIInterfaceOrientationPortraitUpsideDown UIInterfaceOrientationLandscapeLeft UIInterfaceOrientationLandscapeRight";
				INFOPLIST_KEY_UISupportedInterfaceOrientations_iPhone = "UIInterfaceOrientationPortrait UIInterfaceOrientationLandscapeLeft UIInterfaceOrientationLandscapeRight";
				LD_RUNPATH_SEARCH_PATHS = (
					"$(inherited)",
					"@executable_path/Frameworks",
				);
				MARKETING_VERSION = 1.0;
				PRODUCT_BUNDLE_IDENTIFIER = com.google.Movies;
				PRODUCT_NAME = "$(TARGET_NAME)";
				SWIFT_EMIT_LOC_STRINGS = YES;
				SWIFT_VERSION = 5.0;
				TARGETED_DEVICE_FAMILY = "1,2";
			};
			name = Debug;
		};
		C7312CC2294BD9A3005F8337 /* Release */ = {
			isa = XCBuildConfiguration;
			buildSettings = {
				ASSETCATALOG_COMPILER_APPICON_NAME = AppIcon;
				ASSETCATALOG_COMPILER_GLOBAL_ACCENT_COLOR_NAME = AccentColor;
				CODE_SIGN_STYLE = Automatic;
				CURRENT_PROJECT_VERSION = 1;
				DEVELOPMENT_TEAM = 4UTPSYSWWM;
				GENERATE_INFOPLIST_FILE = YES;
				INFOPLIST_FILE = Movies/Info.plist;
				INFOPLIST_KEY_UIApplicationSupportsIndirectInputEvents = YES;
				INFOPLIST_KEY_UILaunchStoryboardName = LaunchScreen;
				INFOPLIST_KEY_UIMainStoryboardFile = Main;
				INFOPLIST_KEY_UISupportedInterfaceOrientations_iPad = "UIInterfaceOrientationPortrait UIInterfaceOrientationPortraitUpsideDown UIInterfaceOrientationLandscapeLeft UIInterfaceOrientationLandscapeRight";
				INFOPLIST_KEY_UISupportedInterfaceOrientations_iPhone = "UIInterfaceOrientationPortrait UIInterfaceOrientationLandscapeLeft UIInterfaceOrientationLandscapeRight";
				LD_RUNPATH_SEARCH_PATHS = (
					"$(inherited)",
					"@executable_path/Frameworks",
				);
				MARKETING_VERSION = 1.0;
				PRODUCT_BUNDLE_IDENTIFIER = com.google.Movies;
				PRODUCT_NAME = "$(TARGET_NAME)";
				SWIFT_EMIT_LOC_STRINGS = YES;
				SWIFT_VERSION = 5.0;
				TARGETED_DEVICE_FAMILY = "1,2";
			};
			name = Release;
		};
/* End XCBuildConfiguration section */

/* Begin XCConfigurationList section */
		C7312CA4294BD9A0005F8337 /* Build configuration list for PBXProject "Movies" */ = {
			isa = XCConfigurationList;
			buildConfigurations = (
				C7312CBE294BD9A3005F8337 /* Debug */,
				C7312CBF294BD9A3005F8337 /* Release */,
			);
			defaultConfigurationIsVisible = 0;
			defaultConfigurationName = Release;
		};
		C7312CC0294BD9A3005F8337 /* Build configuration list for PBXNativeTarget "Movies" */ = {
			isa = XCConfigurationList;
			buildConfigurations = (
				C7312CC1294BD9A3005F8337 /* Debug */,
				C7312CC2294BD9A3005F8337 /* Release */,
			);
			defaultConfigurationIsVisible = 0;
			defaultConfigurationName = Release;
		};
/* End XCConfigurationList section */

/* Begin XCRemoteSwiftPackageReference section */
		C7312CC3294BEA37005F8337 /* XCRemoteSwiftPackageReference "amplify-swift" */ = {
			isa = XCRemoteSwiftPackageReference;
			repositoryURL = "https://github.com/aws-amplify/amplify-swift";
			requirement = {
				kind = upToNextMajorVersion;
				minimumVersion = 1.0.0;
			};
		};
/* End XCRemoteSwiftPackageReference section */

/* Begin XCSwiftPackageProductDependency section */
		C7312CC4294BEA37005F8337 /* AWSAPIPlugin */ = {
			isa = XCSwiftPackageProductDependency;
			package = C7312CC3294BEA37005F8337 /* XCRemoteSwiftPackageReference "amplify-swift" */;
			productName = AWSAPIPlugin;
		};
		C7312CC6294BEA37005F8337 /* AWSCognitoAuthPlugin */ = {
			isa = XCSwiftPackageProductDependency;
			package = C7312CC3294BEA37005F8337 /* XCRemoteSwiftPackageReference "amplify-swift" */;
			productName = AWSCognitoAuthPlugin;
		};
		C7312CC8294BEA37005F8337 /* AWSDataStorePlugin */ = {
			isa = XCSwiftPackageProductDependency;
			package = C7312CC3294BEA37005F8337 /* XCRemoteSwiftPackageReference "amplify-swift" */;
			productName = AWSDataStorePlugin;
		};
		C7312CCA294BEA37005F8337 /* AWSLocationGeoPlugin */ = {
			isa = XCSwiftPackageProductDependency;
			package = C7312CC3294BEA37005F8337 /* XCRemoteSwiftPackageReference "amplify-swift" */;
			productName = AWSLocationGeoPlugin;
		};
		C7312CCC294BEA37005F8337 /* AWSPinpointAnalyticsPlugin */ = {
			isa = XCSwiftPackageProductDependency;
			package = C7312CC3294BEA37005F8337 /* XCRemoteSwiftPackageReference "amplify-swift" */;
			productName = AWSPinpointAnalyticsPlugin;
		};
		C7312CCE294BEA37005F8337 /* AWSPluginsCore */ = {
			isa = XCSwiftPackageProductDependency;
			package = C7312CC3294BEA37005F8337 /* XCRemoteSwiftPackageReference "amplify-swift" */;
			productName = AWSPluginsCore;
		};
		C7312CD0294BEA37005F8337 /* AWSS3StoragePlugin */ = {
			isa = XCSwiftPackageProductDependency;
			package = C7312CC3294BEA37005F8337 /* XCRemoteSwiftPackageReference "amplify-swift" */;
			productName = AWSS3StoragePlugin;
		};
		C7312CD2294BEA37005F8337 /* Amplify */ = {
			isa = XCSwiftPackageProductDependency;
			package = C7312CC3294BEA37005F8337 /* XCRemoteSwiftPackageReference "amplify-swift" */;
			productName = Amplify;
		};
/* End XCSwiftPackageProductDependency section */

/* Begin XCVersionGroup section */
		C7312CB5294BD9A0005F8337 /* Movies.xcdatamodeld */ = {
			isa = XCVersionGroup;
			children = (
				C7312CB6294BD9A0005F8337 /* Movies.xcdatamodel */,
			);
			currentVersion = C7312CB6294BD9A0005F8337 /* Movies.xcdatamodel */;
			path = Movies.xcdatamodeld;
			sourceTree = "<group>";
			versionGroupType = wrapper.xcdatamodel;
		};
/* End XCVersionGroup section */
	};
	rootObject = C7312CA1294BD9A0005F8337 /* Project object */;
}
