// !$*UTF8*$!
{
	archiveVersion = 1;
	classes = {
	};
	objectVersion = 56;
	objects = {

/* Begin PBXBuildFile section */
		59BDD8A92F990D7F08B264D5 /* awsconfiguration.json in Resources */ = {isa = PBXBuildFile; fileRef = 1281CBF1810298A1232A36AC /* awsconfiguration.json */; };
		7393B99860E8543065DDCD21 /* Pods_Movies.framework in Frameworks */ = {isa = PBXBuildFile; fileRef = 5510EE12BC4B6B1405C26AE4 /* Pods_Movies.framework */; };
		C716CC1F29559D8700ADC1D3 /* UIImage+Extension.swift in Sources */ = {isa = PBXBuildFile; fileRef = C716CC1E29559D8700ADC1D3 /* UIImage+Extension.swift */; };
		C720F42B296FC91C009223EC /* Realm in Frameworks */ = {isa = PBXBuildFile; productRef = C720F42A296FC91C009223EC /* Realm */; };
		C720F42D296FC91C009223EC /* RealmSwift in Frameworks */ = {isa = PBXBuildFile; productRef = C720F42C296FC91C009223EC /* RealmSwift */; };
		C720F430296FCD85009223EC /* AWSAPIPlugin in Frameworks */ = {isa = PBXBuildFile; productRef = C720F42F296FCD85009223EC /* AWSAPIPlugin */; };
		C720F432296FCD85009223EC /* AWSCognitoAuthPlugin in Frameworks */ = {isa = PBXBuildFile; productRef = C720F431296FCD85009223EC /* AWSCognitoAuthPlugin */; };
		C720F434296FCD85009223EC /* AWSDataStorePlugin in Frameworks */ = {isa = PBXBuildFile; productRef = C720F433296FCD85009223EC /* AWSDataStorePlugin */; };
		C720F436296FCD85009223EC /* AWSLocationGeoPlugin in Frameworks */ = {isa = PBXBuildFile; productRef = C720F435296FCD85009223EC /* AWSLocationGeoPlugin */; };
		C720F438296FCD85009223EC /* AWSPinpointAnalyticsPlugin in Frameworks */ = {isa = PBXBuildFile; productRef = C720F437296FCD85009223EC /* AWSPinpointAnalyticsPlugin */; };
		C720F43A296FCD85009223EC /* AWSPluginsCore in Frameworks */ = {isa = PBXBuildFile; productRef = C720F439296FCD85009223EC /* AWSPluginsCore */; };
		C720F43C296FCD85009223EC /* AWSS3StoragePlugin in Frameworks */ = {isa = PBXBuildFile; productRef = C720F43B296FCD85009223EC /* AWSS3StoragePlugin */; };
		C720F43E296FCD85009223EC /* Amplify in Frameworks */ = {isa = PBXBuildFile; productRef = C720F43D296FCD85009223EC /* Amplify */; };
		C720F44029700354009223EC /* SignupView.swift in Sources */ = {isa = PBXBuildFile; fileRef = C720F43F29700354009223EC /* SignupView.swift */; };
		C720F44229700A71009223EC /* LoginViewModal.swift in Sources */ = {isa = PBXBuildFile; fileRef = C720F44129700A71009223EC /* LoginViewModal.swift */; };
		C729DC262950BFB00030C7DF /* Screen1ViewController.swift in Sources */ = {isa = PBXBuildFile; fileRef = C729DC252950BFB00030C7DF /* Screen1ViewController.swift */; };
		C729DC2A2950C91D0030C7DF /* collectionViewCell.swift in Sources */ = {isa = PBXBuildFile; fileRef = C729DC282950C91D0030C7DF /* collectionViewCell.swift */; };
		C729DC2B2950C91D0030C7DF /* collectionViewCell.xib in Resources */ = {isa = PBXBuildFile; fileRef = C729DC292950C91D0030C7DF /* collectionViewCell.xib */; };
		C7312CAD294BD9A0005F8337 /* AppDelegate.swift in Sources */ = {isa = PBXBuildFile; fileRef = C7312CAC294BD9A0005F8337 /* AppDelegate.swift */; };
		C7312CAF294BD9A0005F8337 /* SceneDelegate.swift in Sources */ = {isa = PBXBuildFile; fileRef = C7312CAE294BD9A0005F8337 /* SceneDelegate.swift */; };
		C7312CB1294BD9A0005F8337 /* AuthService.swift in Sources */ = {isa = PBXBuildFile; fileRef = C7312CB0294BD9A0005F8337 /* AuthService.swift */; };
		C7312CB4294BD9A0005F8337 /* Main.storyboard in Resources */ = {isa = PBXBuildFile; fileRef = C7312CB2294BD9A0005F8337 /* Main.storyboard */; };
		C7312CB7294BD9A0005F8337 /* Movies.xcdatamodeld in Sources */ = {isa = PBXBuildFile; fileRef = C7312CB5294BD9A0005F8337 /* Movies.xcdatamodeld */; };
		C7312CB9294BD9A3005F8337 /* Assets.xcassets in Resources */ = {isa = PBXBuildFile; fileRef = C7312CB8294BD9A3005F8337 /* Assets.xcassets */; };
		C7312CBC294BD9A3005F8337 /* LaunchScreen.storyboard in Resources */ = {isa = PBXBuildFile; fileRef = C7312CBA294BD9A3005F8337 /* LaunchScreen.storyboard */; };
		C7312CE4294BF319005F8337 /* LoginViewController.swift in Sources */ = {isa = PBXBuildFile; fileRef = C7312CE3294BF319005F8337 /* LoginViewController.swift */; };
		C7312CE6294BF425005F8337 /* SignupViewController.swift in Sources */ = {isa = PBXBuildFile; fileRef = C7312CE5294BF425005F8337 /* SignupViewController.swift */; };
		C7312CE9294BF51A005F8337 /* UIStoryBoard+Extension.swift in Sources */ = {isa = PBXBuildFile; fileRef = C7312CE8294BF51A005F8337 /* UIStoryBoard+Extension.swift */; };
		C7312CEB294BF550005F8337 /* UIColor+Extension.swift in Sources */ = {isa = PBXBuildFile; fileRef = C7312CEA294BF550005F8337 /* UIColor+Extension.swift */; };
		C7312CED294BF574005F8337 /* String+Extension.swift in Sources */ = {isa = PBXBuildFile; fileRef = C7312CEC294BF574005F8337 /* String+Extension.swift */; };
		C7392E2E295AB734009D851B /* Screen2ViewController.swift in Sources */ = {isa = PBXBuildFile; fileRef = C7392E2D295AB734009D851B /* Screen2ViewController.swift */; };
		C74589B729541E8700FA12D1 /* Screen1ViewModal.swift in Sources */ = {isa = PBXBuildFile; fileRef = C74589B629541E8700FA12D1 /* Screen1ViewModal.swift */; };
		C74589B92954218A00FA12D1 /* MoviesData.swift in Sources */ = {isa = PBXBuildFile; fileRef = C74589B82954218A00FA12D1 /* MoviesData.swift */; };
		C755FE92295B5E5B00204770 /* CastCell.swift in Sources */ = {isa = PBXBuildFile; fileRef = C755FE90295B5E5B00204770 /* CastCell.swift */; };
		C755FE93295B5E5B00204770 /* CastCell.xib in Resources */ = {isa = PBXBuildFile; fileRef = C755FE91295B5E5B00204770 /* CastCell.xib */; };
		C756998C29666D2200D389DE /* Constants.swift in Sources */ = {isa = PBXBuildFile; fileRef = C756998B29666D2200D389DE /* Constants.swift */; };
		C796F357295B0D200099C5F2 /* MovieDetails.swift in Sources */ = {isa = PBXBuildFile; fileRef = C796F356295B0D200099C5F2 /* MovieDetails.swift */; };
		C796F359295B0DCD0099C5F2 /* Screen2ViewModal.swift in Sources */ = {isa = PBXBuildFile; fileRef = C796F358295B0DCD0099C5F2 /* Screen2ViewModal.swift */; };
		C799FD8E296D84C400D2204F /* LoginView.swift in Sources */ = {isa = PBXBuildFile; fileRef = C799FD8D296D84C400D2204F /* LoginView.swift */; };
		E8CDAA05B887D03BCB1397D6 /* amplifyconfiguration.json in Resources */ = {isa = PBXBuildFile; fileRef = 69F32F23F261CF7254BAAAF4 /* amplifyconfiguration.json */; };
/* End PBXBuildFile section */

/* Begin PBXFileReference section */
		1281CBF1810298A1232A36AC /* awsconfiguration.json */ = {isa = PBXFileReference; explicitFileType = text.json; path = awsconfiguration.json; sourceTree = "<group>"; };
		3C6E893079AFA0CDF83A4362 /* Pods-Movies.release.xcconfig */ = {isa = PBXFileReference; includeInIndex = 1; lastKnownFileType = text.xcconfig; name = "Pods-Movies.release.xcconfig"; path = "Target Support Files/Pods-Movies/Pods-Movies.release.xcconfig"; sourceTree = "<group>"; };
		5510EE12BC4B6B1405C26AE4 /* Pods_Movies.framework */ = {isa = PBXFileReference; explicitFileType = wrapper.framework; includeInIndex = 0; path = Pods_Movies.framework; sourceTree = BUILT_PRODUCTS_DIR; };
		69F32F23F261CF7254BAAAF4 /* amplifyconfiguration.json */ = {isa = PBXFileReference; explicitFileType = text.json; path = amplifyconfiguration.json; sourceTree = "<group>"; };
		C714FE1929644A5200FCB6ED /* Movies.entitlements */ = {isa = PBXFileReference; lastKnownFileType = text.plist.entitlements; path = Movies.entitlements; sourceTree = "<group>"; };
		C716CC1E29559D8700ADC1D3 /* UIImage+Extension.swift */ = {isa = PBXFileReference; lastKnownFileType = sourcecode.swift; path = "UIImage+Extension.swift"; sourceTree = "<group>"; };
		C720F43F29700354009223EC /* SignupView.swift */ = {isa = PBXFileReference; lastKnownFileType = sourcecode.swift; path = SignupView.swift; sourceTree = "<group>"; };
		C720F44129700A71009223EC /* LoginViewModal.swift */ = {isa = PBXFileReference; lastKnownFileType = sourcecode.swift; path = LoginViewModal.swift; sourceTree = "<group>"; };
		C729DC252950BFB00030C7DF /* Screen1ViewController.swift */ = {isa = PBXFileReference; lastKnownFileType = sourcecode.swift; path = Screen1ViewController.swift; sourceTree = "<group>"; };
		C729DC282950C91D0030C7DF /* collectionViewCell.swift */ = {isa = PBXFileReference; lastKnownFileType = sourcecode.swift; path = collectionViewCell.swift; sourceTree = "<group>"; };
		C729DC292950C91D0030C7DF /* collectionViewCell.xib */ = {isa = PBXFileReference; lastKnownFileType = file.xib; path = collectionViewCell.xib; sourceTree = "<group>"; };
		C7312CA9294BD9A0005F8337 /* Movies.app */ = {isa = PBXFileReference; explicitFileType = wrapper.application; includeInIndex = 0; path = Movies.app; sourceTree = BUILT_PRODUCTS_DIR; };
		C7312CAC294BD9A0005F8337 /* AppDelegate.swift */ = {isa = PBXFileReference; lastKnownFileType = sourcecode.swift; path = AppDelegate.swift; sourceTree = "<group>"; };
		C7312CAE294BD9A0005F8337 /* SceneDelegate.swift */ = {isa = PBXFileReference; lastKnownFileType = sourcecode.swift; path = SceneDelegate.swift; sourceTree = "<group>"; };
		C7312CB0294BD9A0005F8337 /* AuthService.swift */ = {isa = PBXFileReference; lastKnownFileType = sourcecode.swift; path = AuthService.swift; sourceTree = "<group>"; };
		C7312CB3294BD9A0005F8337 /* Base */ = {isa = PBXFileReference; lastKnownFileType = file.storyboard; name = Base; path = Base.lproj/Main.storyboard; sourceTree = "<group>"; };
		C7312CB6294BD9A0005F8337 /* Movies.xcdatamodel */ = {isa = PBXFileReference; lastKnownFileType = wrapper.xcdatamodel; path = Movies.xcdatamodel; sourceTree = "<group>"; };
		C7312CB8294BD9A3005F8337 /* Assets.xcassets */ = {isa = PBXFileReference; lastKnownFileType = folder.assetcatalog; path = Assets.xcassets; sourceTree = "<group>"; };
		C7312CBB294BD9A3005F8337 /* Base */ = {isa = PBXFileReference; lastKnownFileType = file.storyboard; name = Base; path = Base.lproj/LaunchScreen.storyboard; sourceTree = "<group>"; };
		C7312CBD294BD9A3005F8337 /* Info.plist */ = {isa = PBXFileReference; lastKnownFileType = text.plist.xml; path = Info.plist; sourceTree = "<group>"; };
		C7312CE3294BF319005F8337 /* LoginViewController.swift */ = {isa = PBXFileReference; lastKnownFileType = sourcecode.swift; path = LoginViewController.swift; sourceTree = "<group>"; };
		C7312CE5294BF425005F8337 /* SignupViewController.swift */ = {isa = PBXFileReference; lastKnownFileType = sourcecode.swift; path = SignupViewController.swift; sourceTree = "<group>"; };
		C7312CE8294BF51A005F8337 /* UIStoryBoard+Extension.swift */ = {isa = PBXFileReference; lastKnownFileType = sourcecode.swift; path = "UIStoryBoard+Extension.swift"; sourceTree = "<group>"; };
		C7312CEA294BF550005F8337 /* UIColor+Extension.swift */ = {isa = PBXFileReference; lastKnownFileType = sourcecode.swift; path = "UIColor+Extension.swift"; sourceTree = "<group>"; };
		C7312CEC294BF574005F8337 /* String+Extension.swift */ = {isa = PBXFileReference; lastKnownFileType = sourcecode.swift; path = "String+Extension.swift"; sourceTree = "<group>"; };
		C7392E2D295AB734009D851B /* Screen2ViewController.swift */ = {isa = PBXFileReference; lastKnownFileType = sourcecode.swift; path = Screen2ViewController.swift; sourceTree = "<group>"; };
		C74589B629541E8700FA12D1 /* Screen1ViewModal.swift */ = {isa = PBXFileReference; lastKnownFileType = sourcecode.swift; path = Screen1ViewModal.swift; sourceTree = "<group>"; };
		C74589B82954218A00FA12D1 /* MoviesData.swift */ = {isa = PBXFileReference; lastKnownFileType = sourcecode.swift; path = MoviesData.swift; sourceTree = "<group>"; };
		C755FE90295B5E5B00204770 /* CastCell.swift */ = {isa = PBXFileReference; lastKnownFileType = sourcecode.swift; path = CastCell.swift; sourceTree = "<group>"; };
		C755FE91295B5E5B00204770 /* CastCell.xib */ = {isa = PBXFileReference; lastKnownFileType = file.xib; path = CastCell.xib; sourceTree = "<group>"; };
		C756998B29666D2200D389DE /* Constants.swift */ = {isa = PBXFileReference; lastKnownFileType = sourcecode.swift; path = Constants.swift; sourceTree = "<group>"; };
		C796F356295B0D200099C5F2 /* MovieDetails.swift */ = {isa = PBXFileReference; lastKnownFileType = sourcecode.swift; path = MovieDetails.swift; sourceTree = "<group>"; };
		C796F358295B0DCD0099C5F2 /* Screen2ViewModal.swift */ = {isa = PBXFileReference; lastKnownFileType = sourcecode.swift; path = Screen2ViewModal.swift; sourceTree = "<group>"; };
		C799FD8D296D84C400D2204F /* LoginView.swift */ = {isa = PBXFileReference; lastKnownFileType = sourcecode.swift; path = LoginView.swift; sourceTree = "<group>"; };
		DAEE341371A0822039F2CB38 /* Pods-Movies.debug.xcconfig */ = {isa = PBXFileReference; includeInIndex = 1; lastKnownFileType = text.xcconfig; name = "Pods-Movies.debug.xcconfig"; path = "Target Support Files/Pods-Movies/Pods-Movies.debug.xcconfig"; sourceTree = "<group>"; };
/* End PBXFileReference section */

/* Begin PBXFrameworksBuildPhase section */
		C7312CA6294BD9A0005F8337 /* Frameworks */ = {
			isa = PBXFrameworksBuildPhase;
			buildActionMask = 2147483647;
			files = (
				C720F430296FCD85009223EC /* AWSAPIPlugin in Frameworks */,
				C720F438296FCD85009223EC /* AWSPinpointAnalyticsPlugin in Frameworks */,
				C720F42B296FC91C009223EC /* Realm in Frameworks */,
				C720F43C296FCD85009223EC /* AWSS3StoragePlugin in Frameworks */,
				C720F43A296FCD85009223EC /* AWSPluginsCore in Frameworks */,
				C720F43E296FCD85009223EC /* Amplify in Frameworks */,
				C720F434296FCD85009223EC /* AWSDataStorePlugin in Frameworks */,
				C720F42D296FC91C009223EC /* RealmSwift in Frameworks */,
				7393B99860E8543065DDCD21 /* Pods_Movies.framework in Frameworks */,
				C720F436296FCD85009223EC /* AWSLocationGeoPlugin in Frameworks */,
				C720F432296FCD85009223EC /* AWSCognitoAuthPlugin in Frameworks */,
			);
			runOnlyForDeploymentPostprocessing = 0;
		};
/* End PBXFrameworksBuildPhase section */

/* Begin PBXGroup section */
		11DDCE78B8302CB5E68D72B7 /* Pods */ = {
			isa = PBXGroup;
			children = (
				DAEE341371A0822039F2CB38 /* Pods-Movies.debug.xcconfig */,
				3C6E893079AFA0CDF83A4362 /* Pods-Movies.release.xcconfig */,
			);
			path = Pods;
			sourceTree = "<group>";
		};
		77D4EC91C997FBC614C47306 /* AmplifyConfig */ = {
			isa = PBXGroup;
			children = (
				1281CBF1810298A1232A36AC /* awsconfiguration.json */,
				69F32F23F261CF7254BAAAF4 /* amplifyconfiguration.json */,
			);
			name = AmplifyConfig;
			sourceTree = "<group>";
		};
		C729DC272950C8D60030C7DF /* Screen1 */ = {
			isa = PBXGroup;
			children = (
				C729DC252950BFB00030C7DF /* Screen1ViewController.swift */,
				C74589B629541E8700FA12D1 /* Screen1ViewModal.swift */,
				C74589B82954218A00FA12D1 /* MoviesData.swift */,
				C729DC282950C91D0030C7DF /* collectionViewCell.swift */,
				C729DC292950C91D0030C7DF /* collectionViewCell.xib */,
			);
			path = Screen1;
			sourceTree = "<group>";
		};
		C72CAC43295080470016D39E /* Login */ = {
			isa = PBXGroup;
			children = (
				C7312CE3294BF319005F8337 /* LoginViewController.swift */,
				C799FD8D296D84C400D2204F /* LoginView.swift */,
				C720F44129700A71009223EC /* LoginViewModal.swift */,
			);
			path = Login;
			sourceTree = "<group>";
		};
		C72CAC44295080540016D39E /* Signup */ = {
			isa = PBXGroup;
			children = (
				C7312CE5294BF425005F8337 /* SignupViewController.swift */,
				C720F43F29700354009223EC /* SignupView.swift */,
			);
			path = Signup;
			sourceTree = "<group>";
		};
		C7312CA0294BD9A0005F8337 = {
			isa = PBXGroup;
			children = (
				C7312CAB294BD9A0005F8337 /* Movies */,
				C7312CAA294BD9A0005F8337 /* Products */,
				77D4EC91C997FBC614C47306 /* AmplifyConfig */,
				11DDCE78B8302CB5E68D72B7 /* Pods */,
				F094A34B932675C6B6057340 /* Frameworks */,
			);
			sourceTree = "<group>";
		};
		C7312CAA294BD9A0005F8337 /* Products */ = {
			isa = PBXGroup;
			children = (
				C7312CA9294BD9A0005F8337 /* Movies.app */,
			);
			name = Products;
			sourceTree = "<group>";
		};
		C7312CAB294BD9A0005F8337 /* Movies */ = {
			isa = PBXGroup;
			children = (
				C714FE1929644A5200FCB6ED /* Movies.entitlements */,
				C7312CDF294BF209005F8337 /* App */,
				C7312CE2294BF23C005F8337 /* Screens */,
				C7312CE7294BF4F1005F8337 /* Extensions */,
				C7312CE0294BF227005F8337 /* Storyboards */,
				C7312CBD294BD9A3005F8337 /* Info.plist */,
				C7312CB5294BD9A0005F8337 /* Movies.xcdatamodeld */,
				C756998D29666D7000D389DE /* Helpers */,
			);
			path = Movies;
			sourceTree = "<group>";
		};
		C7312CDF294BF209005F8337 /* App */ = {
			isa = PBXGroup;
			children = (
				C7312CAC294BD9A0005F8337 /* AppDelegate.swift */,
				C7312CAE294BD9A0005F8337 /* SceneDelegate.swift */,
				C7312CB0294BD9A0005F8337 /* AuthService.swift */,
				C7312CB8294BD9A3005F8337 /* Assets.xcassets */,
			);
			path = App;
			sourceTree = "<group>";
		};
		C7312CE0294BF227005F8337 /* Storyboards */ = {
			isa = PBXGroup;
			children = (
				C7312CB2294BD9A0005F8337 /* Main.storyboard */,
				C7312CBA294BD9A3005F8337 /* LaunchScreen.storyboard */,
			);
			path = Storyboards;
			sourceTree = "<group>";
		};
		C7312CE2294BF23C005F8337 /* Screens */ = {
			isa = PBXGroup;
			children = (
				C72CAC43295080470016D39E /* Login */,
				C72CAC44295080540016D39E /* Signup */,
				C729DC272950C8D60030C7DF /* Screen1 */,
				C7392E2F295AB73E009D851B /* Screen2 */,
			);
			path = Screens;
			sourceTree = "<group>";
		};
		C7312CE7294BF4F1005F8337 /* Extensions */ = {
			isa = PBXGroup;
			children = (
				C7312CE8294BF51A005F8337 /* UIStoryBoard+Extension.swift */,
				C7312CEA294BF550005F8337 /* UIColor+Extension.swift */,
				C7312CEC294BF574005F8337 /* String+Extension.swift */,
				C716CC1E29559D8700ADC1D3 /* UIImage+Extension.swift */,
			);
			path = Extensions;
			sourceTree = "<group>";
		};
		C7392E2F295AB73E009D851B /* Screen2 */ = {
			isa = PBXGroup;
			children = (
				C7392E2D295AB734009D851B /* Screen2ViewController.swift */,
				C796F356295B0D200099C5F2 /* MovieDetails.swift */,
				C796F358295B0DCD0099C5F2 /* Screen2ViewModal.swift */,
				C755FE90295B5E5B00204770 /* CastCell.swift */,
				C755FE91295B5E5B00204770 /* CastCell.xib */,
			);
			path = Screen2;
			sourceTree = "<group>";
		};
		C756998D29666D7000D389DE /* Helpers */ = {
			isa = PBXGroup;
			children = (
				C756998B29666D2200D389DE /* Constants.swift */,
			);
			path = Helpers;
			sourceTree = "<group>";
		};
		F094A34B932675C6B6057340 /* Frameworks */ = {
			isa = PBXGroup;
			children = (
				5510EE12BC4B6B1405C26AE4 /* Pods_Movies.framework */,
			);
			name = Frameworks;
			sourceTree = "<group>";
		};
/* End PBXGroup section */

/* Begin PBXNativeTarget section */
		C7312CA8294BD9A0005F8337 /* Movies */ = {
			isa = PBXNativeTarget;
			buildConfigurationList = C7312CC0294BD9A3005F8337 /* Build configuration list for PBXNativeTarget "Movies" */;
			buildPhases = (
				06FFF0FB83450B597555F1C6 /* [CP] Check Pods Manifest.lock */,
				C7312CA5294BD9A0005F8337 /* Sources */,
				C7312CA6294BD9A0005F8337 /* Frameworks */,
				C7312CA7294BD9A0005F8337 /* Resources */,
				706C5B9DF8AFFB31E4BC450E /* [CP] Embed Pods Frameworks */,
			);
			buildRules = (
			);
			dependencies = (
			);
			name = Movies;
			packageProductDependencies = (
				C720F42A296FC91C009223EC /* Realm */,
				C720F42C296FC91C009223EC /* RealmSwift */,
				C720F42F296FCD85009223EC /* AWSAPIPlugin */,
				C720F431296FCD85009223EC /* AWSCognitoAuthPlugin */,
				C720F433296FCD85009223EC /* AWSDataStorePlugin */,
				C720F435296FCD85009223EC /* AWSLocationGeoPlugin */,
				C720F437296FCD85009223EC /* AWSPinpointAnalyticsPlugin */,
				C720F439296FCD85009223EC /* AWSPluginsCore */,
				C720F43B296FCD85009223EC /* AWSS3StoragePlugin */,
				C720F43D296FCD85009223EC /* Amplify */,
			);
			productName = MoviesApp;
			productReference = C7312CA9294BD9A0005F8337 /* Movies.app */;
			productType = "com.apple.product-type.application";
		};
/* End PBXNativeTarget section */

/* Begin PBXProject section */
		C7312CA1294BD9A0005F8337 /* Project object */ = {
			isa = PBXProject;
			attributes = {
				BuildIndependentTargetsInParallel = 1;
				LastSwiftUpdateCheck = 1410;
				LastUpgradeCheck = 1410;
				TargetAttributes = {
					C7312CA8294BD9A0005F8337 = {
						CreatedOnToolsVersion = 14.1;
					};
				};
			};
			buildConfigurationList = C7312CA4294BD9A0005F8337 /* Build configuration list for PBXProject "Movies" */;
			compatibilityVersion = "Xcode 14.0";
			developmentRegion = en;
			hasScannedForEncodings = 0;
			knownRegions = (
				en,
				Base,
			);
			mainGroup = C7312CA0294BD9A0005F8337;
			packageReferences = (
				C720F429296FC91C009223EC /* XCRemoteSwiftPackageReference "realm-swift" */,
				C720F42E296FCD85009223EC /* XCRemoteSwiftPackageReference "amplify-ios" */,
			);
			productRefGroup = C7312CAA294BD9A0005F8337 /* Products */;
			projectDirPath = "";
			projectRoot = "";
			targets = (
				C7312CA8294BD9A0005F8337 /* Movies */,
			);
		};
/* End PBXProject section */

/* Begin PBXResourcesBuildPhase section */
		C7312CA7294BD9A0005F8337 /* Resources */ = {
			isa = PBXResourcesBuildPhase;
			buildActionMask = 2147483647;
			files = (
				C7312CBC294BD9A3005F8337 /* LaunchScreen.storyboard in Resources */,
				C7312CB9294BD9A3005F8337 /* Assets.xcassets in Resources */,
				C7312CB4294BD9A0005F8337 /* Main.storyboard in Resources */,
				59BDD8A92F990D7F08B264D5 /* awsconfiguration.json in Resources */,
				C755FE93295B5E5B00204770 /* CastCell.xib in Resources */,
				E8CDAA05B887D03BCB1397D6 /* amplifyconfiguration.json in Resources */,
				C729DC2B2950C91D0030C7DF /* collectionViewCell.xib in Resources */,
			);
			runOnlyForDeploymentPostprocessing = 0;
		};
/* End PBXResourcesBuildPhase section */

/* Begin PBXShellScriptBuildPhase section */
		06FFF0FB83450B597555F1C6 /* [CP] Check Pods Manifest.lock */ = {
			isa = PBXShellScriptBuildPhase;
			buildActionMask = 2147483647;
			files = (
			);
			inputFileListPaths = (
			);
			inputPaths = (
				"${PODS_PODFILE_DIR_PATH}/Podfile.lock",
				"${PODS_ROOT}/Manifest.lock",
			);
			name = "[CP] Check Pods Manifest.lock";
			outputFileListPaths = (
			);
			outputPaths = (
				"$(DERIVED_FILE_DIR)/Pods-Movies-checkManifestLockResult.txt",
			);
			runOnlyForDeploymentPostprocessing = 0;
			shellPath = /bin/sh;
			shellScript = "diff \"${PODS_PODFILE_DIR_PATH}/Podfile.lock\" \"${PODS_ROOT}/Manifest.lock\" > /dev/null\nif [ $? != 0 ] ; then\n    # print error to STDERR\n    echo \"error: The sandbox is not in sync with the Podfile.lock. Run 'pod install' or update your CocoaPods installation.\" >&2\n    exit 1\nfi\n# This output is used by Xcode 'outputs' to avoid re-running this script phase.\necho \"SUCCESS\" > \"${SCRIPT_OUTPUT_FILE_0}\"\n";
			showEnvVarsInLog = 0;
		};
		706C5B9DF8AFFB31E4BC450E /* [CP] Embed Pods Frameworks */ = {
			isa = PBXShellScriptBuildPhase;
			buildActionMask = 2147483647;
			files = (
			);
			inputFileListPaths = (
				"${PODS_ROOT}/Target Support Files/Pods-Movies/Pods-Movies-frameworks-${CONFIGURATION}-input-files.xcfilelist",
			);
			name = "[CP] Embed Pods Frameworks";
			outputFileListPaths = (
				"${PODS_ROOT}/Target Support Files/Pods-Movies/Pods-Movies-frameworks-${CONFIGURATION}-output-files.xcfilelist",
			);
			runOnlyForDeploymentPostprocessing = 0;
			shellPath = /bin/sh;
			shellScript = "\"${PODS_ROOT}/Target Support Files/Pods-Movies/Pods-Movies-frameworks.sh\"\n";
			showEnvVarsInLog = 0;
		};
/* End PBXShellScriptBuildPhase section */

/* Begin PBXSourcesBuildPhase section */
		C7312CA5294BD9A0005F8337 /* Sources */ = {
			isa = PBXSourcesBuildPhase;
			buildActionMask = 2147483647;
			files = (
				C720F44029700354009223EC /* SignupView.swift in Sources */,
				C7312CE9294BF51A005F8337 /* UIStoryBoard+Extension.swift in Sources */,
				C756998C29666D2200D389DE /* Constants.swift in Sources */,
				C7312CED294BF574005F8337 /* String+Extension.swift in Sources */,
				C74589B729541E8700FA12D1 /* Screen1ViewModal.swift in Sources */,
				C7312CE6294BF425005F8337 /* SignupViewController.swift in Sources */,
				C7312CB1294BD9A0005F8337 /* AuthService.swift in Sources */,
				C7312CAD294BD9A0005F8337 /* AppDelegate.swift in Sources */,
				C7312CB7294BD9A0005F8337 /* Movies.xcdatamodeld in Sources */,
				C7392E2E295AB734009D851B /* Screen2ViewController.swift in Sources */,
				C720F44229700A71009223EC /* LoginViewModal.swift in Sources */,
				C729DC2A2950C91D0030C7DF /* collectionViewCell.swift in Sources */,
				C796F359295B0DCD0099C5F2 /* Screen2ViewModal.swift in Sources */,
				C74589B92954218A00FA12D1 /* MoviesData.swift in Sources */,
				C729DC262950BFB00030C7DF /* Screen1ViewController.swift in Sources */,
				C796F357295B0D200099C5F2 /* MovieDetails.swift in Sources */,
				C755FE92295B5E5B00204770 /* CastCell.swift in Sources */,
				C7312CE4294BF319005F8337 /* LoginViewController.swift in Sources */,
				C716CC1F29559D8700ADC1D3 /* UIImage+Extension.swift in Sources */,
				C7312CAF294BD9A0005F8337 /* SceneDelegate.swift in Sources */,
				C799FD8E296D84C400D2204F /* LoginView.swift in Sources */,
				C7312CEB294BF550005F8337 /* UIColor+Extension.swift in Sources */,
			);
			runOnlyForDeploymentPostprocessing = 0;
		};
/* End PBXSourcesBuildPhase section */

/* Begin PBXVariantGroup section */
		C7312CB2294BD9A0005F8337 /* Main.storyboard */ = {
			isa = PBXVariantGroup;
			children = (
				C7312CB3294BD9A0005F8337 /* Base */,
			);
			name = Main.storyboard;
			sourceTree = "<group>";
		};
		C7312CBA294BD9A3005F8337 /* LaunchScreen.storyboard */ = {
			isa = PBXVariantGroup;
			children = (
				C7312CBB294BD9A3005F8337 /* Base */,
			);
			name = LaunchScreen.storyboard;
			sourceTree = "<group>";
		};
/* End PBXVariantGroup section */

/* Begin XCBuildConfiguration section */
		C7312CBE294BD9A3005F8337 /* Debug */ = {
			isa = XCBuildConfiguration;
			buildSettings = {
				ALWAYS_SEARCH_USER_PATHS = NO;
				CLANG_ANALYZER_NONNULL = YES;
				CLANG_ANALYZER_NUMBER_OBJECT_CONVERSION = YES_AGGRESSIVE;
				CLANG_CXX_LANGUAGE_STANDARD = "gnu++20";
				CLANG_ENABLE_MODULES = YES;
				CLANG_ENABLE_OBJC_ARC = YES;
				CLANG_ENABLE_OBJC_WEAK = YES;
				CLANG_WARN_BLOCK_CAPTURE_AUTORELEASING = YES;
				CLANG_WARN_BOOL_CONVERSION = YES;
				CLANG_WARN_COMMA = YES;
				CLANG_WARN_CONSTANT_CONVERSION = YES;
				CLANG_WARN_DEPRECATED_OBJC_IMPLEMENTATIONS = YES;
				CLANG_WARN_DIRECT_OBJC_ISA_USAGE = YES_ERROR;
				CLANG_WARN_DOCUMENTATION_COMMENTS = YES;
				CLANG_WARN_EMPTY_BODY = YES;
				CLANG_WARN_ENUM_CONVERSION = YES;
				CLANG_WARN_INFINITE_RECURSION = YES;
				CLANG_WARN_INT_CONVERSION = YES;
				CLANG_WARN_NON_LITERAL_NULL_CONVERSION = YES;
				CLANG_WARN_OBJC_IMPLICIT_RETAIN_SELF = YES;
				CLANG_WARN_OBJC_LITERAL_CONVERSION = YES;
				CLANG_WARN_OBJC_ROOT_CLASS = YES_ERROR;
				CLANG_WARN_QUOTED_INCLUDE_IN_FRAMEWORK_HEADER = YES;
				CLANG_WARN_RANGE_LOOP_ANALYSIS = YES;
				CLANG_WARN_STRICT_PROTOTYPES = YES;
				CLANG_WARN_SUSPICIOUS_MOVE = YES;
				CLANG_WARN_UNGUARDED_AVAILABILITY = YES_AGGRESSIVE;
				CLANG_WARN_UNREACHABLE_CODE = YES;
				CLANG_WARN__DUPLICATE_METHOD_MATCH = YES;
				COPY_PHASE_STRIP = NO;
				DEBUG_INFORMATION_FORMAT = dwarf;
				ENABLE_STRICT_OBJC_MSGSEND = YES;
				ENABLE_TESTABILITY = YES;
				GCC_C_LANGUAGE_STANDARD = gnu11;
				GCC_DYNAMIC_NO_PIC = NO;
				GCC_NO_COMMON_BLOCKS = YES;
				GCC_OPTIMIZATION_LEVEL = 0;
				GCC_PREPROCESSOR_DEFINITIONS = (
					"DEBUG=1",
					"$(inherited)",
				);
				GCC_WARN_64_TO_32_BIT_CONVERSION = YES;
				GCC_WARN_ABOUT_RETURN_TYPE = YES_ERROR;
				GCC_WARN_UNDECLARED_SELECTOR = YES;
				GCC_WARN_UNINITIALIZED_AUTOS = YES_AGGRESSIVE;
				GCC_WARN_UNUSED_FUNCTION = YES;
				GCC_WARN_UNUSED_VARIABLE = YES;
				IPHONEOS_DEPLOYMENT_TARGET = 16.1;
				MTL_ENABLE_DEBUG_INFO = INCLUDE_SOURCE;
				MTL_FAST_MATH = YES;
				ONLY_ACTIVE_ARCH = YES;
				"OTHER_LDFLAGS[arch=*]" = "";
				SDKROOT = iphoneos;
				SWIFT_ACTIVE_COMPILATION_CONDITIONS = DEBUG;
				SWIFT_OPTIMIZATION_LEVEL = "-Onone";
			};
			name = Debug;
		};
		C7312CBF294BD9A3005F8337 /* Release */ = {
			isa = XCBuildConfiguration;
			buildSettings = {
				ALWAYS_SEARCH_USER_PATHS = NO;
				CLANG_ANALYZER_NONNULL = YES;
				CLANG_ANALYZER_NUMBER_OBJECT_CONVERSION = YES_AGGRESSIVE;
				CLANG_CXX_LANGUAGE_STANDARD = "gnu++20";
				CLANG_ENABLE_MODULES = YES;
				CLANG_ENABLE_OBJC_ARC = YES;
				CLANG_ENABLE_OBJC_WEAK = YES;
				CLANG_WARN_BLOCK_CAPTURE_AUTORELEASING = YES;
				CLANG_WARN_BOOL_CONVERSION = YES;
				CLANG_WARN_COMMA = YES;
				CLANG_WARN_CONSTANT_CONVERSION = YES;
				CLANG_WARN_DEPRECATED_OBJC_IMPLEMENTATIONS = YES;
				CLANG_WARN_DIRECT_OBJC_ISA_USAGE = YES_ERROR;
				CLANG_WARN_DOCUMENTATION_COMMENTS = YES;
				CLANG_WARN_EMPTY_BODY = YES;
				CLANG_WARN_ENUM_CONVERSION = YES;
				CLANG_WARN_INFINITE_RECURSION = YES;
				CLANG_WARN_INT_CONVERSION = YES;
				CLANG_WARN_NON_LITERAL_NULL_CONVERSION = YES;
				CLANG_WARN_OBJC_IMPLICIT_RETAIN_SELF = YES;
				CLANG_WARN_OBJC_LITERAL_CONVERSION = YES;
				CLANG_WARN_OBJC_ROOT_CLASS = YES_ERROR;
				CLANG_WARN_QUOTED_INCLUDE_IN_FRAMEWORK_HEADER = YES;
				CLANG_WARN_RANGE_LOOP_ANALYSIS = YES;
				CLANG_WARN_STRICT_PROTOTYPES = YES;
				CLANG_WARN_SUSPICIOUS_MOVE = YES;
				CLANG_WARN_UNGUARDED_AVAILABILITY = YES_AGGRESSIVE;
				CLANG_WARN_UNREACHABLE_CODE = YES;
				CLANG_WARN__DUPLICATE_METHOD_MATCH = YES;
				COPY_PHASE_STRIP = NO;
				DEBUG_INFORMATION_FORMAT = "dwarf-with-dsym";
				ENABLE_NS_ASSERTIONS = NO;
				ENABLE_STRICT_OBJC_MSGSEND = YES;
				GCC_C_LANGUAGE_STANDARD = gnu11;
				GCC_NO_COMMON_BLOCKS = YES;
				GCC_WARN_64_TO_32_BIT_CONVERSION = YES;
				GCC_WARN_ABOUT_RETURN_TYPE = YES_ERROR;
				GCC_WARN_UNDECLARED_SELECTOR = YES;
				GCC_WARN_UNINITIALIZED_AUTOS = YES_AGGRESSIVE;
				GCC_WARN_UNUSED_FUNCTION = YES;
				GCC_WARN_UNUSED_VARIABLE = YES;
				IPHONEOS_DEPLOYMENT_TARGET = 16.1;
				MTL_ENABLE_DEBUG_INFO = NO;
				MTL_FAST_MATH = YES;
				SDKROOT = iphoneos;
				SWIFT_COMPILATION_MODE = wholemodule;
				SWIFT_OPTIMIZATION_LEVEL = "-O";
				VALIDATE_PRODUCT = YES;
			};
			name = Release;
		};
		C7312CC1294BD9A3005F8337 /* Debug */ = {
			isa = XCBuildConfiguration;
			baseConfigurationReference = DAEE341371A0822039F2CB38 /* Pods-Movies.debug.xcconfig */;
			buildSettings = {
				ALWAYS_EMBED_SWIFT_STANDARD_LIBRARIES = "$(inherited)";
				ASSETCATALOG_COMPILER_APPICON_NAME = AppIcon;
				ASSETCATALOG_COMPILER_GLOBAL_ACCENT_COLOR_NAME = AccentColor;
				CODE_SIGN_ENTITLEMENTS = Movies/Movies.entitlements;
				CODE_SIGN_IDENTITY = "Apple Development";
				CODE_SIGN_STYLE = Automatic;
				CURRENT_PROJECT_VERSION = 1;
				DEVELOPMENT_TEAM = JLFWU5DPPH;
				GENERATE_INFOPLIST_FILE = YES;
				INFOPLIST_FILE = Movies/Info.plist;
				INFOPLIST_KEY_UIApplicationSupportsIndirectInputEvents = YES;
				INFOPLIST_KEY_UILaunchStoryboardName = LaunchScreen;
				INFOPLIST_KEY_UIMainStoryboardFile = Main;
				INFOPLIST_KEY_UISupportedInterfaceOrientations_iPad = "UIInterfaceOrientationPortrait UIInterfaceOrientationPortraitUpsideDown UIInterfaceOrientationLandscapeLeft UIInterfaceOrientationLandscapeRight";
				INFOPLIST_KEY_UISupportedInterfaceOrientations_iPhone = "UIInterfaceOrientationPortrait UIInterfaceOrientationLandscapeLeft UIInterfaceOrientationLandscapeRight";
				IPHONEOS_DEPLOYMENT_TARGET = 13.1;
				LD_RUNPATH_SEARCH_PATHS = (
					"$(inherited)",
					"@executable_path/Frameworks",
				);
				MARKETING_VERSION = 1.0;
				OTHER_LDFLAGS = "-ObjC";
				PRODUCT_BUNDLE_IDENTIFIER = com.google.MoviesApp;
				PRODUCT_NAME = "$(TARGET_NAME)";
				PROVISIONING_PROFILE_SPECIFIER = "";
				SWIFT_EMIT_LOC_STRINGS = YES;
				SWIFT_VERSION = 5.0;
				TARGETED_DEVICE_FAMILY = "1,2";
			};
			name = Debug;
		};
		C7312CC2294BD9A3005F8337 /* Release */ = {
			isa = XCBuildConfiguration;
			baseConfigurationReference = 3C6E893079AFA0CDF83A4362 /* Pods-Movies.release.xcconfig */;
			buildSettings = {
				ALWAYS_EMBED_SWIFT_STANDARD_LIBRARIES = "$(inherited)";
				ASSETCATALOG_COMPILER_APPICON_NAME = AppIcon;
				ASSETCATALOG_COMPILER_GLOBAL_ACCENT_COLOR_NAME = AccentColor;
				CODE_SIGN_ENTITLEMENTS = Movies/Movies.entitlements;
				CODE_SIGN_IDENTITY = "Apple Development";
				CODE_SIGN_STYLE = Automatic;
				CURRENT_PROJECT_VERSION = 1;
				DEVELOPMENT_TEAM = JLFWU5DPPH;
				GENERATE_INFOPLIST_FILE = YES;
				INFOPLIST_FILE = Movies/Info.plist;
				INFOPLIST_KEY_UIApplicationSupportsIndirectInputEvents = YES;
				INFOPLIST_KEY_UILaunchStoryboardName = LaunchScreen;
				INFOPLIST_KEY_UIMainStoryboardFile = Main;
				INFOPLIST_KEY_UISupportedInterfaceOrientations_iPad = "UIInterfaceOrientationPortrait UIInterfaceOrientationPortraitUpsideDown UIInterfaceOrientationLandscapeLeft UIInterfaceOrientationLandscapeRight";
				INFOPLIST_KEY_UISupportedInterfaceOrientations_iPhone = "UIInterfaceOrientationPortrait UIInterfaceOrientationLandscapeLeft UIInterfaceOrientationLandscapeRight";
				IPHONEOS_DEPLOYMENT_TARGET = 13.1;
				LD_RUNPATH_SEARCH_PATHS = (
					"$(inherited)",
					"@executable_path/Frameworks",
				);
				MARKETING_VERSION = 1.0;
				OTHER_LDFLAGS = "-ObjC";
				PRODUCT_BUNDLE_IDENTIFIER = com.google.MoviesApp;
				PRODUCT_NAME = "$(TARGET_NAME)";
				PROVISIONING_PROFILE_SPECIFIER = "";
				SWIFT_EMIT_LOC_STRINGS = YES;
				SWIFT_VERSION = 5.0;
				TARGETED_DEVICE_FAMILY = "1,2";
			};
			name = Release;
		};
/* End XCBuildConfiguration section */

/* Begin XCConfigurationList section */
		C7312CA4294BD9A0005F8337 /* Build configuration list for PBXProject "Movies" */ = {
			isa = XCConfigurationList;
			buildConfigurations = (
				C7312CBE294BD9A3005F8337 /* Debug */,
				C7312CBF294BD9A3005F8337 /* Release */,
			);
			defaultConfigurationIsVisible = 0;
			defaultConfigurationName = Release;
		};
		C7312CC0294BD9A3005F8337 /* Build configuration list for PBXNativeTarget "Movies" */ = {
			isa = XCConfigurationList;
			buildConfigurations = (
				C7312CC1294BD9A3005F8337 /* Debug */,
				C7312CC2294BD9A3005F8337 /* Release */,
			);
			defaultConfigurationIsVisible = 0;
			defaultConfigurationName = Release;
		};
/* End XCConfigurationList section */

/* Begin XCRemoteSwiftPackageReference section */
		C720F429296FC91C009223EC /* XCRemoteSwiftPackageReference "realm-swift" */ = {
			isa = XCRemoteSwiftPackageReference;
			repositoryURL = "https://github.com/realm/realm-swift.git";
			requirement = {
				kind = upToNextMajorVersion;
				minimumVersion = 10.33.0;
			};
		};
		C720F42E296FCD85009223EC /* XCRemoteSwiftPackageReference "amplify-ios" */ = {
			isa = XCRemoteSwiftPackageReference;
			repositoryURL = "https://github.com/aws-amplify/amplify-ios";
			requirement = {
				kind = upToNextMajorVersion;
				minimumVersion = 1.0.0;
			};
		};
/* End XCRemoteSwiftPackageReference section */

/* Begin XCSwiftPackageProductDependency section */
		C720F42A296FC91C009223EC /* Realm */ = {
			isa = XCSwiftPackageProductDependency;
			package = C720F429296FC91C009223EC /* XCRemoteSwiftPackageReference "realm-swift" */;
			productName = Realm;
		};
		C720F42C296FC91C009223EC /* RealmSwift */ = {
			isa = XCSwiftPackageProductDependency;
			package = C720F429296FC91C009223EC /* XCRemoteSwiftPackageReference "realm-swift" */;
			productName = RealmSwift;
		};
		C720F42F296FCD85009223EC /* AWSAPIPlugin */ = {
			isa = XCSwiftPackageProductDependency;
			package = C720F42E296FCD85009223EC /* XCRemoteSwiftPackageReference "amplify-ios" */;
			productName = AWSAPIPlugin;
		};
		C720F431296FCD85009223EC /* AWSCognitoAuthPlugin */ = {
			isa = XCSwiftPackageProductDependency;
			package = C720F42E296FCD85009223EC /* XCRemoteSwiftPackageReference "amplify-ios" */;
			productName = AWSCognitoAuthPlugin;
		};
		C720F433296FCD85009223EC /* AWSDataStorePlugin */ = {
			isa = XCSwiftPackageProductDependency;
			package = C720F42E296FCD85009223EC /* XCRemoteSwiftPackageReference "amplify-ios" */;
			productName = AWSDataStorePlugin;
		};
		C720F435296FCD85009223EC /* AWSLocationGeoPlugin */ = {
			isa = XCSwiftPackageProductDependency;
			package = C720F42E296FCD85009223EC /* XCRemoteSwiftPackageReference "amplify-ios" */;
			productName = AWSLocationGeoPlugin;
		};
		C720F437296FCD85009223EC /* AWSPinpointAnalyticsPlugin */ = {
			isa = XCSwiftPackageProductDependency;
			package = C720F42E296FCD85009223EC /* XCRemoteSwiftPackageReference "amplify-ios" */;
			productName = AWSPinpointAnalyticsPlugin;
		};
		C720F439296FCD85009223EC /* AWSPluginsCore */ = {
			isa = XCSwiftPackageProductDependency;
			package = C720F42E296FCD85009223EC /* XCRemoteSwiftPackageReference "amplify-ios" */;
			productName = AWSPluginsCore;
		};
		C720F43B296FCD85009223EC /* AWSS3StoragePlugin */ = {
			isa = XCSwiftPackageProductDependency;
			package = C720F42E296FCD85009223EC /* XCRemoteSwiftPackageReference "amplify-ios" */;
			productName = AWSS3StoragePlugin;
		};
		C720F43D296FCD85009223EC /* Amplify */ = {
			isa = XCSwiftPackageProductDependency;
			package = C720F42E296FCD85009223EC /* XCRemoteSwiftPackageReference "amplify-ios" */;
			productName = Amplify;
		};
/* End XCSwiftPackageProductDependency section */

/* Begin XCVersionGroup section */
		C7312CB5294BD9A0005F8337 /* Movies.xcdatamodeld */ = {
			isa = XCVersionGroup;
			children = (
				C7312CB6294BD9A0005F8337 /* Movies.xcdatamodel */,
			);
			currentVersion = C7312CB6294BD9A0005F8337 /* Movies.xcdatamodel */;
			path = Movies.xcdatamodeld;
			sourceTree = "<group>";
			versionGroupType = wrapper.xcdatamodel;
		};
/* End XCVersionGroup section */
	};
	rootObject = C7312CA1294BD9A0005F8337 /* Project object */;
}
